
Microsoft Visual Studio Solution File, Format Version 12.00
# Visual Studio 15
VisualStudioVersion = 15.0.28307.329
MinimumVisualStudioVersion = 10.0.40219.1
Project("{FAE04EC0-301F-11D3-BF4B-00C04F79EFBC}") = "BlogOne", "BlogOne\BlogOne.csproj", "{10E5812E-4F2F-4D83-9268-6601A3E262A3}"
EndProject
Project("{FAE04EC0-301F-11D3-BF4B-00C04F79EFBC}") = "BlogOne.Core", "BlogOne.Core\BlogOne.Core.csproj", "{3C26DA49-B223-4CD9-A4D4-3F43A11B2C8D}"
EndProject
Project("{FAE04EC0-301F-11D3-BF4B-00C04F79EFBC}") = "BlogOne.Data", "BlogOne.Data\BlogOne.Data.csproj", "{12709648-641C-429B-BC02-0400BC631E11}"
EndProject
Global
	GlobalSection(SolutionConfigurationPlatforms) = preSolution
		Debug|Any CPU = Debug|Any CPU
		Release|Any CPU = Release|Any CPU
	EndGlobalSection
	GlobalSection(ProjectConfigurationPlatforms) = postSolution
		{10E5812E-4F2F-4D83-9268-6601A3E262A3}.Debug|Any CPU.ActiveCfg = Debug|Any CPU
		{10E5812E-4F2F-4D83-9268-6601A3E262A3}.Debug|Any CPU.Build.0 = Debug|Any CPU
		{10E5812E-4F2F-4D83-9268-6601A3E262A3}.Release|Any CPU.ActiveCfg = Release|Any CPU
		{10E5812E-4F2F-4D83-9268-6601A3E262A3}.Release|Any CPU.Build.0 = Release|Any CPU
		{3C26DA49-B223-4CD9-A4D4-3F43A11B2C8D}.Debug|Any CPU.ActiveCfg = Debug|Any CPU
		{3C26DA49-B223-4CD9-A4D4-3F43A11B2C8D}.Debug|Any CPU.Build.0 = Debug|Any CPU
		{3C26DA49-B223-4CD9-A4D4-3F43A11B2C8D}.Release|Any CPU.ActiveCfg = Release|Any CPU
		{3C26DA49-B223-4CD9-A4D4-3F43A11B2C8D}.Release|Any CPU.Build.0 = Release|Any CPU
		{12709648-641C-429B-BC02-0400BC631E11}.Debug|Any CPU.ActiveCfg = Debug|Any CPU
		{12709648-641C-429B-BC02-0400BC631E11}.Debug|Any CPU.Build.0 = Debug|Any CPU
		{12709648-641C-429B-BC02-0400BC631E11}.Release|Any CPU.ActiveCfg = Release|Any CPU
		{12709648-641C-429B-BC02-0400BC631E11}.Release|Any CPU.Build.0 = Release|Any CPU
	EndGlobalSection
	GlobalSection(SolutionProperties) = preSolution
		HideSolutionNode = FALSE
	EndGlobalSection
	GlobalSection(ExtensibilityGlobals) = postSolution
		SolutionGuid = {FF46262A-7692-46B8-B47E-08788517EE26}
	EndGlobalSection
EndGlobal
